# This file is automatically generated by cargo-component.
# It is not intended for manual editing.
version = 1

[[package]]
name = "colinrozzi-wit:google-proxy"

[[package.version]]
requirement = "^0.0.1"
version = "0.0.1"
digest = "sha256:64335b7f613530e78ed58bbe01d67769af7e635e5f61121d2d79bd1382e04373"
